
Microsoft Visual Studio Solution File, Format Version 12.00
# Visual Studio 2013
VisualStudioVersion = 12.0.30723.0
MinimumVisualStudioVersion = 10.0.40219.1
Project("{FAE04EC0-301F-11D3-BF4B-00C04F79EFBC}") = "UI", "Visio2Xpo\UI.csproj", "{E7FBA5F7-A48A-486A-B14E-35DE0E864976}"
EndProject
Project("{FAE04EC0-301F-11D3-BF4B-00C04F79EFBC}") = "Communication", "VisioReader\Communication.csproj", "{74B1B93B-AF25-4ECC-9FA5-8040CB00F5A8}"
EndProject
Project("{FAE04EC0-301F-11D3-BF4B-00C04F79EFBC}") = "CommunicationTest", "VisioReaderTest\CommunicationTest.csproj", "{C3D9E2F6-3ECE-4B07-AC6D-BE6200DAC2AE}"
EndProject
Project("{FAE04EC0-301F-11D3-BF4B-00C04F79EFBC}") = "Data", "Data\Data.csproj", "{A8C89042-76CC-4A25-931E-150B7832218E}"
EndProject
Project("{2150E333-8FDC-42A3-9474-1A3956D46DE8}") = "TestProjects", "TestProjects", "{3399AFEF-7DAC-49E7-B124-EB2B8355F58A}"
EndProject
Project("{FAE04EC0-301F-11D3-BF4B-00C04F79EFBC}") = "BasicIO", "BasicIO\BasicIO.csproj", "{F4BB82A4-098E-4997-B9E0-73F2C9F0F9FC}"
EndProject
Project("{FAE04EC0-301F-11D3-BF4B-00C04F79EFBC}") = "CaliburnTutorial", "CaliburnTutorial\CaliburnTutorial.csproj", "{D0DA1349-B42B-4411-9391-F5B0EC54D6AE}"
EndProject
Global
	GlobalSection(SolutionConfigurationPlatforms) = preSolution
		Debug|Any CPU = Debug|Any CPU
		Release|Any CPU = Release|Any CPU
	EndGlobalSection
	GlobalSection(ProjectConfigurationPlatforms) = postSolution
		{E7FBA5F7-A48A-486A-B14E-35DE0E864976}.Debug|Any CPU.ActiveCfg = Debug|Any CPU
		{E7FBA5F7-A48A-486A-B14E-35DE0E864976}.Debug|Any CPU.Build.0 = Debug|Any CPU
		{E7FBA5F7-A48A-486A-B14E-35DE0E864976}.Release|Any CPU.ActiveCfg = Release|Any CPU
		{E7FBA5F7-A48A-486A-B14E-35DE0E864976}.Release|Any CPU.Build.0 = Release|Any CPU
		{74B1B93B-AF25-4ECC-9FA5-8040CB00F5A8}.Debug|Any CPU.ActiveCfg = Debug|Any CPU
		{74B1B93B-AF25-4ECC-9FA5-8040CB00F5A8}.Debug|Any CPU.Build.0 = Debug|Any CPU
		{74B1B93B-AF25-4ECC-9FA5-8040CB00F5A8}.Release|Any CPU.ActiveCfg = Release|Any CPU
		{74B1B93B-AF25-4ECC-9FA5-8040CB00F5A8}.Release|Any CPU.Build.0 = Release|Any CPU
		{C3D9E2F6-3ECE-4B07-AC6D-BE6200DAC2AE}.Debug|Any CPU.ActiveCfg = Debug|Any CPU
		{C3D9E2F6-3ECE-4B07-AC6D-BE6200DAC2AE}.Debug|Any CPU.Build.0 = Debug|Any CPU
		{C3D9E2F6-3ECE-4B07-AC6D-BE6200DAC2AE}.Release|Any CPU.ActiveCfg = Release|Any CPU
		{C3D9E2F6-3ECE-4B07-AC6D-BE6200DAC2AE}.Release|Any CPU.Build.0 = Release|Any CPU
		{A8C89042-76CC-4A25-931E-150B7832218E}.Debug|Any CPU.ActiveCfg = Debug|Any CPU
		{A8C89042-76CC-4A25-931E-150B7832218E}.Debug|Any CPU.Build.0 = Debug|Any CPU
		{A8C89042-76CC-4A25-931E-150B7832218E}.Release|Any CPU.ActiveCfg = Release|Any CPU
		{A8C89042-76CC-4A25-931E-150B7832218E}.Release|Any CPU.Build.0 = Release|Any CPU
		{F4BB82A4-098E-4997-B9E0-73F2C9F0F9FC}.Debug|Any CPU.ActiveCfg = Debug|Any CPU
		{F4BB82A4-098E-4997-B9E0-73F2C9F0F9FC}.Debug|Any CPU.Build.0 = Debug|Any CPU
		{F4BB82A4-098E-4997-B9E0-73F2C9F0F9FC}.Release|Any CPU.ActiveCfg = Release|Any CPU
		{F4BB82A4-098E-4997-B9E0-73F2C9F0F9FC}.Release|Any CPU.Build.0 = Release|Any CPU
		{D0DA1349-B42B-4411-9391-F5B0EC54D6AE}.Debug|Any CPU.ActiveCfg = Debug|Any CPU
		{D0DA1349-B42B-4411-9391-F5B0EC54D6AE}.Debug|Any CPU.Build.0 = Debug|Any CPU
		{D0DA1349-B42B-4411-9391-F5B0EC54D6AE}.Release|Any CPU.ActiveCfg = Release|Any CPU
		{D0DA1349-B42B-4411-9391-F5B0EC54D6AE}.Release|Any CPU.Build.0 = Release|Any CPU
	EndGlobalSection
	GlobalSection(SolutionProperties) = preSolution
		HideSolutionNode = FALSE
	EndGlobalSection
	GlobalSection(NestedProjects) = preSolution
		{F4BB82A4-098E-4997-B9E0-73F2C9F0F9FC} = {3399AFEF-7DAC-49E7-B124-EB2B8355F58A}
		{D0DA1349-B42B-4411-9391-F5B0EC54D6AE} = {3399AFEF-7DAC-49E7-B124-EB2B8355F58A}
	EndGlobalSection
EndGlobal
